
Microsoft Visual Studio Solution File, Format Version 12.00
# Visual Studio Version 16
VisualStudioVersion = 16.0.31025.194
MinimumVisualStudioVersion = 10.0.40219.1
Project("{9A19103F-16F7-4668-BE54-9A1E7A4F7556}") = "Entities", "Entities\Entities.csproj", "{6C1B7EFC-DA70-4139-A133-D55F480B1B5F}"
EndProject
Project("{9A19103F-16F7-4668-BE54-9A1E7A4F7556}") = "DataAccess", "DataAccess\DataAccess.csproj", "{CDD0CCDC-BFEF-415A-A67B-2ECA017288F1}"
EndProject
Project("{9A19103F-16F7-4668-BE54-9A1E7A4F7556}") = "Business", "Business\Business.csproj", "{B2E42294-D003-45A7-A9D3-65B62EB0D24D}"
EndProject
Project("{9A19103F-16F7-4668-BE54-9A1E7A4F7556}") = "ConsoleUI", "ConsoleUI\ConsoleUI.csproj", "{93B26484-F821-42C1-892B-53B4E1166B4B}"
EndProject
Project("{FAE04EC0-301F-11D3-BF4B-00C04F79EFBC}") = "Core", "Core\Core.csproj", "{162361FD-F56A-4942-87C7-8BDFE7D9CC20}"
EndProject
Global
	GlobalSection(SolutionConfigurationPlatforms) = preSolution
		Debug|Any CPU = Debug|Any CPU
		Release|Any CPU = Release|Any CPU
	EndGlobalSection
	GlobalSection(ProjectConfigurationPlatforms) = postSolution
		{6C1B7EFC-DA70-4139-A133-D55F480B1B5F}.Debug|Any CPU.ActiveCfg = Debug|Any CPU
		{6C1B7EFC-DA70-4139-A133-D55F480B1B5F}.Debug|Any CPU.Build.0 = Debug|Any CPU
		{6C1B7EFC-DA70-4139-A133-D55F480B1B5F}.Release|Any CPU.ActiveCfg = Release|Any CPU
		{6C1B7EFC-DA70-4139-A133-D55F480B1B5F}.Release|Any CPU.Build.0 = Release|Any CPU
		{CDD0CCDC-BFEF-415A-A67B-2ECA017288F1}.Debug|Any CPU.ActiveCfg = Debug|Any CPU
		{CDD0CCDC-BFEF-415A-A67B-2ECA017288F1}.Debug|Any CPU.Build.0 = Debug|Any CPU
		{CDD0CCDC-BFEF-415A-A67B-2ECA017288F1}.Release|Any CPU.ActiveCfg = Release|Any CPU
		{CDD0CCDC-BFEF-415A-A67B-2ECA017288F1}.Release|Any CPU.Build.0 = Release|Any CPU
		{B2E42294-D003-45A7-A9D3-65B62EB0D24D}.Debug|Any CPU.ActiveCfg = Debug|Any CPU
		{B2E42294-D003-45A7-A9D3-65B62EB0D24D}.Debug|Any CPU.Build.0 = Debug|Any CPU
		{B2E42294-D003-45A7-A9D3-65B62EB0D24D}.Release|Any CPU.ActiveCfg = Release|Any CPU
		{B2E42294-D003-45A7-A9D3-65B62EB0D24D}.Release|Any CPU.Build.0 = Release|Any CPU
		{93B26484-F821-42C1-892B-53B4E1166B4B}.Debug|Any CPU.ActiveCfg = Debug|Any CPU
		{93B26484-F821-42C1-892B-53B4E1166B4B}.Debug|Any CPU.Build.0 = Debug|Any CPU
		{93B26484-F821-42C1-892B-53B4E1166B4B}.Release|Any CPU.ActiveCfg = Release|Any CPU
		{93B26484-F821-42C1-892B-53B4E1166B4B}.Release|Any CPU.Build.0 = Release|Any CPU
		{162361FD-F56A-4942-87C7-8BDFE7D9CC20}.Debug|Any CPU.ActiveCfg = Debug|Any CPU
		{162361FD-F56A-4942-87C7-8BDFE7D9CC20}.Debug|Any CPU.Build.0 = Debug|Any CPU
		{162361FD-F56A-4942-87C7-8BDFE7D9CC20}.Release|Any CPU.ActiveCfg = Release|Any CPU
		{162361FD-F56A-4942-87C7-8BDFE7D9CC20}.Release|Any CPU.Build.0 = Release|Any CPU
	EndGlobalSection
	GlobalSection(SolutionProperties) = preSolution
		HideSolutionNode = FALSE
	EndGlobalSection
	GlobalSection(ExtensibilityGlobals) = postSolution
		SolutionGuid = {44F08B17-BD3F-451E-AD62-67C9DA38D785}
	EndGlobalSection
EndGlobal
